
Microsoft Visual Studio Solution File, Format Version 12.00
# Visual Studio Version 17
VisualStudioVersion = 17.13.35825.156 d17.13
MinimumVisualStudioVersion = 10.0.40219.1
Project("{FAE04EC0-301F-11D3-BF4B-00C04F79EFBC}") = "TempoAgora", "TempoAgora\TempoAgora.csproj", "{0B39D0A0-BC0B-42DA-B4E0-BC7AC1DF4F57}"
EndProject
Global
	GlobalSection(SolutionConfigurationPlatforms) = preSolution
		Debug|Any CPU = Debug|Any CPU
		Release|Any CPU = Release|Any CPU
	EndGlobalSection
	GlobalSection(ProjectConfigurationPlatforms) = postSolution
		{0B39D0A0-BC0B-42DA-B4E0-BC7AC1DF4F57}.Debug|Any CPU.ActiveCfg = Debug|Any CPU
		{0B39D0A0-BC0B-42DA-B4E0-BC7AC1DF4F57}.Debug|Any CPU.Build.0 = Debug|Any CPU
		{0B39D0A0-BC0B-42DA-B4E0-BC7AC1DF4F57}.Debug|Any CPU.Deploy.0 = Debug|Any CPU
		{0B39D0A0-BC0B-42DA-B4E0-BC7AC1DF4F57}.Release|Any CPU.ActiveCfg = Release|Any CPU
		{0B39D0A0-BC0B-42DA-B4E0-BC7AC1DF4F57}.Release|Any CPU.Build.0 = Release|Any CPU
		{0B39D0A0-BC0B-42DA-B4E0-BC7AC1DF4F57}.Release|Any CPU.Deploy.0 = Release|Any CPU
	EndGlobalSection
	GlobalSection(SolutionProperties) = preSolution
		HideSolutionNode = FALSE
	EndGlobalSection
	GlobalSection(ExtensibilityGlobals) = postSolution
		SolutionGuid = {47BDBC89-BC9A-4D69-96A6-9D786FB0E420}
	EndGlobalSection
EndGlobal
